<?xml version="1.0" encoding="utf-8"?>
<Project ToolsVersion="4.0" xmlns="http://schemas.microsoft.com/developer/msbuild/2003">
  <ItemGroup>
    <Filter Include="Source Files">
      <UniqueIdentifier>{4FC737F1-C7A5-4376-A066-2A32D752A2FF}</UniqueIdentifier>
      <Extensions>cpp;c;cc;cxx;def;odl;idl;hpj;bat;asm;asmx</Extensions>
    </Filter>
    <Filter Include="Header Files">
      <UniqueIdentifier>{93995380-89BD-4b04-88EB-625FBE52EBFB}</UniqueIdentifier>
      <Extensions>h;hh;hpp;hxx;hm;inl;inc;xsd</Extensions>
    </Filter>
    <Filter Include="Resource Files">
      <UniqueIdentifier>{67DA6AB6-F800-4c08-8B7A-83BB121AAD01}</UniqueIdentifier>
      <Extensions>rc;ico;cur;bmp;dlg;rc2;rct;bin;rgs;gif;jpg;jpeg;jpe;resx;tiff;tif;png;wav;mfcribbon-ms</Extensions>
    </Filter>
  </ItemGroup>
  <ItemGroup>
    <ClInclude Include="xiengine\assets\assets.h">
      <Filter>Header Files</Filter>
    </ClInclude>
    <ClInclude Include="xiengine\assets\baseAsset.h">
      <Filter>Header Files</Filter>
    </ClInclude>
    <ClInclude Include="xiengine\assets\material\materialAsset.h">
      <Filter>Header Files</Filter>
    </ClInclude>
    <ClInclude Include="xiengine\assets\mesh\model.h">
      <Filter>Header Files</Filter>
    </ClInclude>
    <ClInclude Include="xiengine\assets\texture\textureAsset.h">
      <Filter>Header Files</Filter>
    </ClInclude>
    <ClInclude Include="xiengine\engine\component\cameraComponent.h">
      <Filter>Header Files</Filter>
    </ClInclude>
    <ClInclude Include="xiengine\engine\component\componentBase.h">
      <Filter>Header Files</Filter>
    </ClInclude>
    <ClInclude Include="xiengine\engine\component\components.h">
      <Filter>Header Files</Filter>
    </ClInclude>
    <ClInclude Include="xiengine\engine\component\meshFilterComponent.h">
      <Filter>Header Files</Filter>
    </ClInclude>
    <ClInclude Include="xiengine\engine\component\meshRendererComponent.h">
      <Filter>Header Files</Filter>
    </ClInclude>
    <ClInclude Include="xiengine\engine\component\transformComponent.h">
      <Filter>Header Files</Filter>
    </ClInclude>
    <ClInclude Include="xiengine\engine\engine.h">
      <Filter>Header Files</Filter>
    </ClInclude>
    <ClInclude Include="xiengine\graphics\graphicsEngine.h">
      <Filter>Header Files</Filter>
    </ClInclude>
    <ClInclude Include="xiengine\graphics\shader\shader.h">
      <Filter>Header Files</Filter>
    </ClInclude>
    <ClInclude Include="xiengine\graphics\shader\shaderProgram.h">
      <Filter>Header Files</Filter>
    </ClInclude>
    <ClInclude Include="xiengine\graphics\vao.h">
      <Filter>Header Files</Filter>
    </ClInclude>
    <ClInclude Include="xiengine\math\math.h">
      <Filter>Header Files</Filter>
    </ClInclude>
    <ClInclude Include="xiengine\utils\file.h">
      <Filter>Header Files</Filter>
    </ClInclude>
  </ItemGroup>
  <ItemGroup>
    <ClCompile Include="xiengine\assets\texture\textureAsset.cpp">
      <Filter>Source Files</Filter>
    </ClCompile>
    <ClCompile Include="xiengine\graphics\vao.cpp">
      <Filter>Source Files</Filter>
    </ClCompile>
    <ClCompile Include="xiengine\engine\engine.cpp">
      <Filter>Source Files</Filter>
    </ClCompile>
    <ClCompile Include="xiengine\utils\file.cpp">
      <Filter>Source Files</Filter>
    </ClCompile>
    <ClCompile Include="xiengine\assets\material\materialAsset.cpp">
      <Filter>Source Files</Filter>
    </ClCompile>
    <ClCompile Include="xiengine\assets\mesh\model.cpp">
      <Filter>Source Files</Filter>
    </ClCompile>
    <ClCompile Include="xiengine\graphics\shader\shader.cpp">
      <Filter>Source Files</Filter>
    </ClCompile>
    <ClCompile Include="xiengine\graphics\shader\shaderProgram.cpp">
      <Filter>Source Files</Filter>
    </ClCompile>
  </ItemGroup>
  <ItemGroup>
    <Text Include="xiengine\TODO.txt" />
  </ItemGroup>
</Project>